
Microsoft Visual Studio Solution File, Format Version 12.00
# Visual Studio Version 16
VisualStudioVersion = 16.0.31112.23
MinimumVisualStudioVersion = 10.0.40219.1
Project("{9A19103F-16F7-4668-BE54-9A1E7A4F7556}") = "ApiConnectionLibrary", "ApiConnectionLibrary.csproj", "{AF5EBA21-9728-4458-BCE6-193384CE7605}"
EndProject
Global
	GlobalSection(SolutionConfigurationPlatforms) = preSolution
		Debug|Any CPU = Debug|Any CPU
		Release|Any CPU = Release|Any CPU
	EndGlobalSection
	GlobalSection(ProjectConfigurationPlatforms) = postSolution
		{AF5EBA21-9728-4458-BCE6-193384CE7605}.Debug|Any CPU.ActiveCfg = Debug|Any CPU
		{AF5EBA21-9728-4458-BCE6-193384CE7605}.Debug|Any CPU.Build.0 = Debug|Any CPU
		{AF5EBA21-9728-4458-BCE6-193384CE7605}.Release|Any CPU.ActiveCfg = Release|Any CPU
		{AF5EBA21-9728-4458-BCE6-193384CE7605}.Release|Any CPU.Build.0 = Release|Any CPU
	EndGlobalSection
	GlobalSection(SolutionProperties) = preSolution
		HideSolutionNode = FALSE
	EndGlobalSection
	GlobalSection(ExtensibilityGlobals) = postSolution
		SolutionGuid = {7CC235BA-1321-47A9-9FAB-12E494ABA314}
	EndGlobalSection
EndGlobal
